
Microsoft Visual Studio Solution File, Format Version 12.00
# Visual Studio Version 17
VisualStudioVersion = 17.0.31903.59
MinimumVisualStudioVersion = 10.0.40219.1
Project("{2150E333-8FDC-42A3-9474-1A3956D46DE8}") = "src", "src", "{3E810371-55A2-453F-93DA-162437ED5E41}"
EndProject
Project("{FAE04EC0-301F-11D3-BF4B-00C04F79EFBC}") = "PromptBot", "src\PromptBot\PromptBot.csproj", "{86CE49B4-F3A3-4FDE-A5C4-CE3E8B88EBC4}"
EndProject
Global
	GlobalSection(SolutionConfigurationPlatforms) = preSolution
		Debug|Any CPU = Debug|Any CPU
		Release|Any CPU = Release|Any CPU
	EndGlobalSection
	GlobalSection(ProjectConfigurationPlatforms) = postSolution
		{86CE49B4-F3A3-4FDE-A5C4-CE3E8B88EBC4}.Debug|Any CPU.ActiveCfg = Debug|Any CPU
		{86CE49B4-F3A3-4FDE-A5C4-CE3E8B88EBC4}.Debug|Any CPU.Build.0 = Debug|Any CPU
		{86CE49B4-F3A3-4FDE-A5C4-CE3E8B88EBC4}.Release|Any CPU.ActiveCfg = Release|Any CPU
		{86CE49B4-F3A3-4FDE-A5C4-CE3E8B88EBC4}.Release|Any CPU.Build.0 = Release|Any CPU
	EndGlobalSection
	GlobalSection(SolutionProperties) = preSolution
		HideSolutionNode = FALSE
	EndGlobalSection
	GlobalSection(NestedProjects) = preSolution
		{86CE49B4-F3A3-4FDE-A5C4-CE3E8B88EBC4} = {3E810371-55A2-453F-93DA-162437ED5E41}
	EndGlobalSection
	GlobalSection(ExtensibilityGlobals) = postSolution
		SolutionGuid = {2A81C6A8-5901-48CF-8056-C30A2557117B}
	EndGlobalSection
EndGlobal
